
Microsoft Visual Studio Solution File, Format Version 12.00
Project("{FAE04EC0-301F-11D3-BF4B-00C04F79EFBC}") = "Xpand.Events.Tests", "Xpand.Events.Tests\Xpand.Events.Tests.csproj", "{4E393993-ADEE-4700-867A-BDDCD15B5F31}"
EndProject
Project("{FAE04EC0-301F-11D3-BF4B-00C04F79EFBC}") = "Xpand.Events", "Xpand.Events\Xpand.Events.csproj", "{B75E2EEF-9BC8-43FC-B1FF-3D4912921823}"
EndProject
Project("{FAE04EC0-301F-11D3-BF4B-00C04F79EFBC}") = "Xpand.Events.Core", "Xpand.Events.Core\Xpand.Events.Core.csproj", "{A5B4DD8B-CC5C-4E3E-A34A-01DB7709D34E}"
EndProject
Project("{FAE04EC0-301F-11D3-BF4B-00C04F79EFBC}") = "Xpand.Events.Benchmark", "Xpand.Events.Benchmark\Xpand.Events.Benchmark.csproj", "{B19CF11C-36D6-4D95-A453-5D13D2B50A44}"
EndProject
Project("{FAE04EC0-301F-11D3-BF4B-00C04F79EFBC}") = "Xpand.Events.Examples", "Xpand.Events.Examples\Xpand.Events.Examples.csproj", "{DEED04AE-A232-416A-AE65-B94591051D5A}"
EndProject
Project("{FAE04EC0-301F-11D3-BF4B-00C04F79EFBC}") = "Xpand.Events.TrimSmokeTest", "smoke\Xpand.Events.TrimSmokeTest\Xpand.Events.TrimSmokeTest.csproj", "{D7C0501A-5A1B-47F3-854A-A54A6E9C85D4}"
EndProject
Project("{FAE04EC0-301F-11D3-BF4B-00C04F79EFBC}") = "Xpand.Events.AotSmokeTest", "smoke\Xpand.Events.AotSmokeTest\Xpand.Events.AotSmokeTest.csproj", "{623D8AB7-E059-477F-8B24-FA9BE5D1193B}"
EndProject
Project("{2150E333-8FDC-42A3-9474-1A3956D46DE8}") = "samples", "samples", "{5D20AA90-6969-D8BD-9DCD-8634F4692FDA}"
EndProject
Project("{FAE04EC0-301F-11D3-BF4B-00C04F79EFBC}") = "Xpand.Events.NetStandardConsumer", "samples\Xpand.Events.NetStandardConsumer\Xpand.Events.NetStandardConsumer.csproj", "{7F540FA4-4FBE-439F-9894-D6C70AF8DC7C}"
EndProject
Project("{FAE04EC0-301F-11D3-BF4B-00C04F79EFBC}") = "Xpand.Events.Consumer", "samples\Xpand.Events.Consumer\Xpand.Events.Consumer.csproj", "{22279D76-2D9E-4F91-953B-A26BDC72B792}"
EndProject
Project("{FAE04EC0-301F-11D3-BF4B-00C04F79EFBC}") = "Xpand.Events.Async", "Xpand.Events.Async\Xpand.Events.Async.csproj", "{B9F82EBB-4A58-4642-9D40-183B369E3262}"
EndProject
Project("{FAE04EC0-301F-11D3-BF4B-00C04F79EFBC}") = "Xpand.Events.Extensions.Microsoft", "Xpand.Events.Extensions.Microsoft\Xpand.Events.Extensions.Microsoft.csproj", "{159DC6EF-117D-4356-813F-A31F6784C82C}"
EndProject
Project("{FAE04EC0-301F-11D3-BF4B-00C04F79EFBC}") = "Xpand.Events.Testing", "Xpand.Events.Testing\Xpand.Events.Testing.csproj", "{8BBAD49E-90B1-4351-8A4C-FA93B2B044BD}"
EndProject
Project("{FAE04EC0-301F-11D3-BF4B-00C04F79EFBC}") = "Xpand.Events.Analyzers", "Xpand.Events.Analyzers\Xpand.Events.Analyzers.csproj", "{8F104875-1C64-4738-88D3-40765331D3F7}"
EndProject
Project("{FAE04EC0-301F-11D3-BF4B-00C04F79EFBC}") = "Xpand.Events.WorkerSample", "samples\Xpand.Events.WorkerSample\Xpand.Events.WorkerSample.csproj", "{24F9FEFE-27C7-4B7A-9A58-47CA9F71544E}"
EndProject
Project("{FAE04EC0-301F-11D3-BF4B-00C04F79EFBC}") = "Xpand.Events.DesktopSample", "samples\Xpand.Events.DesktopSample\Xpand.Events.DesktopSample.csproj", "{AAEEB018-7726-49E3-BCCA-1FAB7E3E75DF}"
EndProject
Project("{FAE04EC0-301F-11D3-BF4B-00C04F79EFBC}") = "Xpand.Events.ChannelSample", "samples\Xpand.Events.ChannelSample\Xpand.Events.ChannelSample.csproj", "{66FE3C98-68AC-4C11-A75C-375BB68E9ABF}"
EndProject
Global
	GlobalSection(SolutionConfigurationPlatforms) = preSolution
		Debug|Any CPU = Debug|Any CPU
		Debug|x64 = Debug|x64
		Debug|x86 = Debug|x86
		Release|Any CPU = Release|Any CPU
		Release|x64 = Release|x64
		Release|x86 = Release|x86
	EndGlobalSection
	GlobalSection(ProjectConfigurationPlatforms) = postSolution
		{4E393993-ADEE-4700-867A-BDDCD15B5F31}.Debug|Any CPU.ActiveCfg = Debug|Any CPU
		{4E393993-ADEE-4700-867A-BDDCD15B5F31}.Debug|Any CPU.Build.0 = Debug|Any CPU
		{4E393993-ADEE-4700-867A-BDDCD15B5F31}.Debug|x64.ActiveCfg = Debug|Any CPU
		{4E393993-ADEE-4700-867A-BDDCD15B5F31}.Debug|x64.Build.0 = Debug|Any CPU
		{4E393993-ADEE-4700-867A-BDDCD15B5F31}.Debug|x86.ActiveCfg = Debug|Any CPU
		{4E393993-ADEE-4700-867A-BDDCD15B5F31}.Debug|x86.Build.0 = Debug|Any CPU
		{4E393993-ADEE-4700-867A-BDDCD15B5F31}.Release|Any CPU.ActiveCfg = Release|Any CPU
		{4E393993-ADEE-4700-867A-BDDCD15B5F31}.Release|Any CPU.Build.0 = Release|Any CPU
		{4E393993-ADEE-4700-867A-BDDCD15B5F31}.Release|x64.ActiveCfg = Release|Any CPU
		{4E393993-ADEE-4700-867A-BDDCD15B5F31}.Release|x64.Build.0 = Release|Any CPU
		{4E393993-ADEE-4700-867A-BDDCD15B5F31}.Release|x86.ActiveCfg = Release|Any CPU
		{4E393993-ADEE-4700-867A-BDDCD15B5F31}.Release|x86.Build.0 = Release|Any CPU
		{B75E2EEF-9BC8-43FC-B1FF-3D4912921823}.Debug|Any CPU.ActiveCfg = Debug|Any CPU
		{B75E2EEF-9BC8-43FC-B1FF-3D4912921823}.Debug|Any CPU.Build.0 = Debug|Any CPU
		{B75E2EEF-9BC8-43FC-B1FF-3D4912921823}.Debug|x64.ActiveCfg = Debug|Any CPU
		{B75E2EEF-9BC8-43FC-B1FF-3D4912921823}.Debug|x64.Build.0 = Debug|Any CPU
		{B75E2EEF-9BC8-43FC-B1FF-3D4912921823}.Debug|x86.ActiveCfg = Debug|Any CPU
		{B75E2EEF-9BC8-43FC-B1FF-3D4912921823}.Debug|x86.Build.0 = Debug|Any CPU
		{B75E2EEF-9BC8-43FC-B1FF-3D4912921823}.Release|Any CPU.ActiveCfg = Release|Any CPU
		{B75E2EEF-9BC8-43FC-B1FF-3D4912921823}.Release|Any CPU.Build.0 = Release|Any CPU
		{B75E2EEF-9BC8-43FC-B1FF-3D4912921823}.Release|x64.ActiveCfg = Release|Any CPU
		{B75E2EEF-9BC8-43FC-B1FF-3D4912921823}.Release|x64.Build.0 = Release|Any CPU
		{B75E2EEF-9BC8-43FC-B1FF-3D4912921823}.Release|x86.ActiveCfg = Release|Any CPU
		{B75E2EEF-9BC8-43FC-B1FF-3D4912921823}.Release|x86.Build.0 = Release|Any CPU
		{A5B4DD8B-CC5C-4E3E-A34A-01DB7709D34E}.Debug|Any CPU.ActiveCfg = Debug|Any CPU
		{A5B4DD8B-CC5C-4E3E-A34A-01DB7709D34E}.Debug|Any CPU.Build.0 = Debug|Any CPU
		{A5B4DD8B-CC5C-4E3E-A34A-01DB7709D34E}.Debug|x64.ActiveCfg = Debug|Any CPU
		{A5B4DD8B-CC5C-4E3E-A34A-01DB7709D34E}.Debug|x64.Build.0 = Debug|Any CPU
		{A5B4DD8B-CC5C-4E3E-A34A-01DB7709D34E}.Debug|x86.ActiveCfg = Debug|Any CPU
		{A5B4DD8B-CC5C-4E3E-A34A-01DB7709D34E}.Debug|x86.Build.0 = Debug|Any CPU
		{A5B4DD8B-CC5C-4E3E-A34A-01DB7709D34E}.Release|Any CPU.ActiveCfg = Release|Any CPU
		{A5B4DD8B-CC5C-4E3E-A34A-01DB7709D34E}.Release|Any CPU.Build.0 = Release|Any CPU
		{A5B4DD8B-CC5C-4E3E-A34A-01DB7709D34E}.Release|x64.ActiveCfg = Release|Any CPU
		{A5B4DD8B-CC5C-4E3E-A34A-01DB7709D34E}.Release|x64.Build.0 = Release|Any CPU
		{A5B4DD8B-CC5C-4E3E-A34A-01DB7709D34E}.Release|x86.ActiveCfg = Release|Any CPU
		{A5B4DD8B-CC5C-4E3E-A34A-01DB7709D34E}.Release|x86.Build.0 = Release|Any CPU
		{B19CF11C-36D6-4D95-A453-5D13D2B50A44}.Debug|Any CPU.ActiveCfg = Debug|Any CPU
		{B19CF11C-36D6-4D95-A453-5D13D2B50A44}.Debug|Any CPU.Build.0 = Debug|Any CPU
		{B19CF11C-36D6-4D95-A453-5D13D2B50A44}.Debug|x64.ActiveCfg = Debug|Any CPU
		{B19CF11C-36D6-4D95-A453-5D13D2B50A44}.Debug|x64.Build.0 = Debug|Any CPU
		{B19CF11C-36D6-4D95-A453-5D13D2B50A44}.Debug|x86.ActiveCfg = Debug|Any CPU
		{B19CF11C-36D6-4D95-A453-5D13D2B50A44}.Debug|x86.Build.0 = Debug|Any CPU
		{B19CF11C-36D6-4D95-A453-5D13D2B50A44}.Release|Any CPU.ActiveCfg = Release|Any CPU
		{B19CF11C-36D6-4D95-A453-5D13D2B50A44}.Release|Any CPU.Build.0 = Release|Any CPU
		{B19CF11C-36D6-4D95-A453-5D13D2B50A44}.Release|x64.ActiveCfg = Release|Any CPU
		{B19CF11C-36D6-4D95-A453-5D13D2B50A44}.Release|x64.Build.0 = Release|Any CPU
		{B19CF11C-36D6-4D95-A453-5D13D2B50A44}.Release|x86.ActiveCfg = Release|Any CPU
		{B19CF11C-36D6-4D95-A453-5D13D2B50A44}.Release|x86.Build.0 = Release|Any CPU
		{DEED04AE-A232-416A-AE65-B94591051D5A}.Debug|Any CPU.ActiveCfg = Debug|Any CPU
		{DEED04AE-A232-416A-AE65-B94591051D5A}.Debug|Any CPU.Build.0 = Debug|Any CPU
		{DEED04AE-A232-416A-AE65-B94591051D5A}.Debug|x64.ActiveCfg = Debug|Any CPU
		{DEED04AE-A232-416A-AE65-B94591051D5A}.Debug|x64.Build.0 = Debug|Any CPU
		{DEED04AE-A232-416A-AE65-B94591051D5A}.Debug|x86.ActiveCfg = Debug|Any CPU
		{DEED04AE-A232-416A-AE65-B94591051D5A}.Debug|x86.Build.0 = Debug|Any CPU
		{DEED04AE-A232-416A-AE65-B94591051D5A}.Release|Any CPU.ActiveCfg = Release|Any CPU
		{DEED04AE-A232-416A-AE65-B94591051D5A}.Release|Any CPU.Build.0 = Release|Any CPU
		{DEED04AE-A232-416A-AE65-B94591051D5A}.Release|x64.ActiveCfg = Release|Any CPU
		{DEED04AE-A232-416A-AE65-B94591051D5A}.Release|x64.Build.0 = Release|Any CPU
		{DEED04AE-A232-416A-AE65-B94591051D5A}.Release|x86.ActiveCfg = Release|Any CPU
		{DEED04AE-A232-416A-AE65-B94591051D5A}.Release|x86.Build.0 = Release|Any CPU
		{D7C0501A-5A1B-47F3-854A-A54A6E9C85D4}.Debug|Any CPU.ActiveCfg = Debug|Any CPU
		{D7C0501A-5A1B-47F3-854A-A54A6E9C85D4}.Debug|Any CPU.Build.0 = Debug|Any CPU
		{D7C0501A-5A1B-47F3-854A-A54A6E9C85D4}.Debug|x64.ActiveCfg = Debug|Any CPU
		{D7C0501A-5A1B-47F3-854A-A54A6E9C85D4}.Debug|x64.Build.0 = Debug|Any CPU
		{D7C0501A-5A1B-47F3-854A-A54A6E9C85D4}.Debug|x86.ActiveCfg = Debug|Any CPU
		{D7C0501A-5A1B-47F3-854A-A54A6E9C85D4}.Debug|x86.Build.0 = Debug|Any CPU
		{D7C0501A-5A1B-47F3-854A-A54A6E9C85D4}.Release|Any CPU.ActiveCfg = Release|Any CPU
		{D7C0501A-5A1B-47F3-854A-A54A6E9C85D4}.Release|Any CPU.Build.0 = Release|Any CPU
		{D7C0501A-5A1B-47F3-854A-A54A6E9C85D4}.Release|x64.ActiveCfg = Release|Any CPU
		{D7C0501A-5A1B-47F3-854A-A54A6E9C85D4}.Release|x64.Build.0 = Release|Any CPU
		{D7C0501A-5A1B-47F3-854A-A54A6E9C85D4}.Release|x86.ActiveCfg = Release|Any CPU
		{D7C0501A-5A1B-47F3-854A-A54A6E9C85D4}.Release|x86.Build.0 = Release|Any CPU
		{623D8AB7-E059-477F-8B24-FA9BE5D1193B}.Debug|Any CPU.ActiveCfg = Debug|Any CPU
		{623D8AB7-E059-477F-8B24-FA9BE5D1193B}.Debug|Any CPU.Build.0 = Debug|Any CPU
		{623D8AB7-E059-477F-8B24-FA9BE5D1193B}.Debug|x64.ActiveCfg = Debug|Any CPU
		{623D8AB7-E059-477F-8B24-FA9BE5D1193B}.Debug|x64.Build.0 = Debug|Any CPU
		{623D8AB7-E059-477F-8B24-FA9BE5D1193B}.Debug|x86.ActiveCfg = Debug|Any CPU
		{623D8AB7-E059-477F-8B24-FA9BE5D1193B}.Debug|x86.Build.0 = Debug|Any CPU
		{623D8AB7-E059-477F-8B24-FA9BE5D1193B}.Release|Any CPU.ActiveCfg = Release|Any CPU
		{623D8AB7-E059-477F-8B24-FA9BE5D1193B}.Release|Any CPU.Build.0 = Release|Any CPU
		{623D8AB7-E059-477F-8B24-FA9BE5D1193B}.Release|x64.ActiveCfg = Release|Any CPU
		{623D8AB7-E059-477F-8B24-FA9BE5D1193B}.Release|x64.Build.0 = Release|Any CPU
		{623D8AB7-E059-477F-8B24-FA9BE5D1193B}.Release|x86.ActiveCfg = Release|Any CPU
		{623D8AB7-E059-477F-8B24-FA9BE5D1193B}.Release|x86.Build.0 = Release|Any CPU
		{7F540FA4-4FBE-439F-9894-D6C70AF8DC7C}.Debug|Any CPU.ActiveCfg = Debug|Any CPU
		{7F540FA4-4FBE-439F-9894-D6C70AF8DC7C}.Debug|Any CPU.Build.0 = Debug|Any CPU
		{7F540FA4-4FBE-439F-9894-D6C70AF8DC7C}.Debug|x64.ActiveCfg = Debug|Any CPU
		{7F540FA4-4FBE-439F-9894-D6C70AF8DC7C}.Debug|x64.Build.0 = Debug|Any CPU
		{7F540FA4-4FBE-439F-9894-D6C70AF8DC7C}.Debug|x86.ActiveCfg = Debug|Any CPU
		{7F540FA4-4FBE-439F-9894-D6C70AF8DC7C}.Debug|x86.Build.0 = Debug|Any CPU
		{7F540FA4-4FBE-439F-9894-D6C70AF8DC7C}.Release|Any CPU.ActiveCfg = Release|Any CPU
		{7F540FA4-4FBE-439F-9894-D6C70AF8DC7C}.Release|Any CPU.Build.0 = Release|Any CPU
		{7F540FA4-4FBE-439F-9894-D6C70AF8DC7C}.Release|x64.ActiveCfg = Release|Any CPU
		{7F540FA4-4FBE-439F-9894-D6C70AF8DC7C}.Release|x64.Build.0 = Release|Any CPU
		{7F540FA4-4FBE-439F-9894-D6C70AF8DC7C}.Release|x86.ActiveCfg = Release|Any CPU
		{7F540FA4-4FBE-439F-9894-D6C70AF8DC7C}.Release|x86.Build.0 = Release|Any CPU
		{22279D76-2D9E-4F91-953B-A26BDC72B792}.Debug|Any CPU.ActiveCfg = Debug|Any CPU
		{22279D76-2D9E-4F91-953B-A26BDC72B792}.Debug|Any CPU.Build.0 = Debug|Any CPU
		{22279D76-2D9E-4F91-953B-A26BDC72B792}.Debug|x64.ActiveCfg = Debug|Any CPU
		{22279D76-2D9E-4F91-953B-A26BDC72B792}.Debug|x64.Build.0 = Debug|Any CPU
		{22279D76-2D9E-4F91-953B-A26BDC72B792}.Debug|x86.ActiveCfg = Debug|Any CPU
		{22279D76-2D9E-4F91-953B-A26BDC72B792}.Debug|x86.Build.0 = Debug|Any CPU
		{22279D76-2D9E-4F91-953B-A26BDC72B792}.Release|Any CPU.ActiveCfg = Release|Any CPU
		{22279D76-2D9E-4F91-953B-A26BDC72B792}.Release|Any CPU.Build.0 = Release|Any CPU
		{22279D76-2D9E-4F91-953B-A26BDC72B792}.Release|x64.ActiveCfg = Release|Any CPU
		{22279D76-2D9E-4F91-953B-A26BDC72B792}.Release|x64.Build.0 = Release|Any CPU
		{22279D76-2D9E-4F91-953B-A26BDC72B792}.Release|x86.ActiveCfg = Release|Any CPU
		{22279D76-2D9E-4F91-953B-A26BDC72B792}.Release|x86.Build.0 = Release|Any CPU
		{B9F82EBB-4A58-4642-9D40-183B369E3262}.Debug|Any CPU.ActiveCfg = Debug|Any CPU
		{B9F82EBB-4A58-4642-9D40-183B369E3262}.Debug|Any CPU.Build.0 = Debug|Any CPU
		{B9F82EBB-4A58-4642-9D40-183B369E3262}.Debug|x64.ActiveCfg = Debug|Any CPU
		{B9F82EBB-4A58-4642-9D40-183B369E3262}.Debug|x64.Build.0 = Debug|Any CPU
		{B9F82EBB-4A58-4642-9D40-183B369E3262}.Debug|x86.ActiveCfg = Debug|Any CPU
		{B9F82EBB-4A58-4642-9D40-183B369E3262}.Debug|x86.Build.0 = Debug|Any CPU
		{B9F82EBB-4A58-4642-9D40-183B369E3262}.Release|Any CPU.ActiveCfg = Release|Any CPU
		{B9F82EBB-4A58-4642-9D40-183B369E3262}.Release|Any CPU.Build.0 = Release|Any CPU
		{B9F82EBB-4A58-4642-9D40-183B369E3262}.Release|x64.ActiveCfg = Release|Any CPU
		{B9F82EBB-4A58-4642-9D40-183B369E3262}.Release|x64.Build.0 = Release|Any CPU
		{B9F82EBB-4A58-4642-9D40-183B369E3262}.Release|x86.ActiveCfg = Release|Any CPU
		{B9F82EBB-4A58-4642-9D40-183B369E3262}.Release|x86.Build.0 = Release|Any CPU
		{159DC6EF-117D-4356-813F-A31F6784C82C}.Debug|Any CPU.ActiveCfg = Debug|Any CPU
		{159DC6EF-117D-4356-813F-A31F6784C82C}.Debug|Any CPU.Build.0 = Debug|Any CPU
		{159DC6EF-117D-4356-813F-A31F6784C82C}.Debug|x64.ActiveCfg = Debug|Any CPU
		{159DC6EF-117D-4356-813F-A31F6784C82C}.Debug|x64.Build.0 = Debug|Any CPU
		{159DC6EF-117D-4356-813F-A31F6784C82C}.Debug|x86.ActiveCfg = Debug|Any CPU
		{159DC6EF-117D-4356-813F-A31F6784C82C}.Debug|x86.Build.0 = Debug|Any CPU
		{159DC6EF-117D-4356-813F-A31F6784C82C}.Release|Any CPU.ActiveCfg = Release|Any CPU
		{159DC6EF-117D-4356-813F-A31F6784C82C}.Release|Any CPU.Build.0 = Release|Any CPU
		{159DC6EF-117D-4356-813F-A31F6784C82C}.Release|x64.ActiveCfg = Release|Any CPU
		{159DC6EF-117D-4356-813F-A31F6784C82C}.Release|x64.Build.0 = Release|Any CPU
		{159DC6EF-117D-4356-813F-A31F6784C82C}.Release|x86.ActiveCfg = Release|Any CPU
		{159DC6EF-117D-4356-813F-A31F6784C82C}.Release|x86.Build.0 = Release|Any CPU
		{8BBAD49E-90B1-4351-8A4C-FA93B2B044BD}.Debug|Any CPU.ActiveCfg = Debug|Any CPU
		{8BBAD49E-90B1-4351-8A4C-FA93B2B044BD}.Debug|Any CPU.Build.0 = Debug|Any CPU
		{8BBAD49E-90B1-4351-8A4C-FA93B2B044BD}.Debug|x64.ActiveCfg = Debug|Any CPU
		{8BBAD49E-90B1-4351-8A4C-FA93B2B044BD}.Debug|x64.Build.0 = Debug|Any CPU
		{8BBAD49E-90B1-4351-8A4C-FA93B2B044BD}.Debug|x86.ActiveCfg = Debug|Any CPU
		{8BBAD49E-90B1-4351-8A4C-FA93B2B044BD}.Debug|x86.Build.0 = Debug|Any CPU
		{8BBAD49E-90B1-4351-8A4C-FA93B2B044BD}.Release|Any CPU.ActiveCfg = Release|Any CPU
		{8BBAD49E-90B1-4351-8A4C-FA93B2B044BD}.Release|Any CPU.Build.0 = Release|Any CPU
		{8BBAD49E-90B1-4351-8A4C-FA93B2B044BD}.Release|x64.ActiveCfg = Release|Any CPU
		{8BBAD49E-90B1-4351-8A4C-FA93B2B044BD}.Release|x64.Build.0 = Release|Any CPU
		{8BBAD49E-90B1-4351-8A4C-FA93B2B044BD}.Release|x86.ActiveCfg = Release|Any CPU
		{8BBAD49E-90B1-4351-8A4C-FA93B2B044BD}.Release|x86.Build.0 = Release|Any CPU
		{8F104875-1C64-4738-88D3-40765331D3F7}.Debug|Any CPU.ActiveCfg = Debug|Any CPU
		{8F104875-1C64-4738-88D3-40765331D3F7}.Debug|Any CPU.Build.0 = Debug|Any CPU
		{8F104875-1C64-4738-88D3-40765331D3F7}.Debug|x64.ActiveCfg = Debug|Any CPU
		{8F104875-1C64-4738-88D3-40765331D3F7}.Debug|x64.Build.0 = Debug|Any CPU
		{8F104875-1C64-4738-88D3-40765331D3F7}.Debug|x86.ActiveCfg = Debug|Any CPU
		{8F104875-1C64-4738-88D3-40765331D3F7}.Debug|x86.Build.0 = Debug|Any CPU
		{8F104875-1C64-4738-88D3-40765331D3F7}.Release|Any CPU.ActiveCfg = Release|Any CPU
		{8F104875-1C64-4738-88D3-40765331D3F7}.Release|Any CPU.Build.0 = Release|Any CPU
		{8F104875-1C64-4738-88D3-40765331D3F7}.Release|x64.ActiveCfg = Release|Any CPU
		{8F104875-1C64-4738-88D3-40765331D3F7}.Release|x64.Build.0 = Release|Any CPU
		{8F104875-1C64-4738-88D3-40765331D3F7}.Release|x86.ActiveCfg = Release|Any CPU
		{8F104875-1C64-4738-88D3-40765331D3F7}.Release|x86.Build.0 = Release|Any CPU
		{24F9FEFE-27C7-4B7A-9A58-47CA9F71544E}.Debug|Any CPU.ActiveCfg = Debug|Any CPU
		{24F9FEFE-27C7-4B7A-9A58-47CA9F71544E}.Debug|Any CPU.Build.0 = Debug|Any CPU
		{24F9FEFE-27C7-4B7A-9A58-47CA9F71544E}.Debug|x64.ActiveCfg = Debug|Any CPU
		{24F9FEFE-27C7-4B7A-9A58-47CA9F71544E}.Debug|x64.Build.0 = Debug|Any CPU
		{24F9FEFE-27C7-4B7A-9A58-47CA9F71544E}.Debug|x86.ActiveCfg = Debug|Any CPU
		{24F9FEFE-27C7-4B7A-9A58-47CA9F71544E}.Debug|x86.Build.0 = Debug|Any CPU
		{24F9FEFE-27C7-4B7A-9A58-47CA9F71544E}.Release|Any CPU.ActiveCfg = Release|Any CPU
		{24F9FEFE-27C7-4B7A-9A58-47CA9F71544E}.Release|Any CPU.Build.0 = Release|Any CPU
		{24F9FEFE-27C7-4B7A-9A58-47CA9F71544E}.Release|x64.ActiveCfg = Release|Any CPU
		{24F9FEFE-27C7-4B7A-9A58-47CA9F71544E}.Release|x64.Build.0 = Release|Any CPU
		{24F9FEFE-27C7-4B7A-9A58-47CA9F71544E}.Release|x86.ActiveCfg = Release|Any CPU
		{24F9FEFE-27C7-4B7A-9A58-47CA9F71544E}.Release|x86.Build.0 = Release|Any CPU
		{AAEEB018-7726-49E3-BCCA-1FAB7E3E75DF}.Debug|Any CPU.ActiveCfg = Debug|Any CPU
		{AAEEB018-7726-49E3-BCCA-1FAB7E3E75DF}.Debug|Any CPU.Build.0 = Debug|Any CPU
		{AAEEB018-7726-49E3-BCCA-1FAB7E3E75DF}.Debug|x64.ActiveCfg = Debug|Any CPU
		{AAEEB018-7726-49E3-BCCA-1FAB7E3E75DF}.Debug|x64.Build.0 = Debug|Any CPU
		{AAEEB018-7726-49E3-BCCA-1FAB7E3E75DF}.Debug|x86.ActiveCfg = Debug|Any CPU
		{AAEEB018-7726-49E3-BCCA-1FAB7E3E75DF}.Debug|x86.Build.0 = Debug|Any CPU
		{AAEEB018-7726-49E3-BCCA-1FAB7E3E75DF}.Release|Any CPU.ActiveCfg = Release|Any CPU
		{AAEEB018-7726-49E3-BCCA-1FAB7E3E75DF}.Release|Any CPU.Build.0 = Release|Any CPU
		{AAEEB018-7726-49E3-BCCA-1FAB7E3E75DF}.Release|x64.ActiveCfg = Release|Any CPU
		{AAEEB018-7726-49E3-BCCA-1FAB7E3E75DF}.Release|x64.Build.0 = Release|Any CPU
		{AAEEB018-7726-49E3-BCCA-1FAB7E3E75DF}.Release|x86.ActiveCfg = Release|Any CPU
		{AAEEB018-7726-49E3-BCCA-1FAB7E3E75DF}.Release|x86.Build.0 = Release|Any CPU
		{66FE3C98-68AC-4C11-A75C-375BB68E9ABF}.Debug|Any CPU.ActiveCfg = Debug|Any CPU
		{66FE3C98-68AC-4C11-A75C-375BB68E9ABF}.Debug|Any CPU.Build.0 = Debug|Any CPU
		{66FE3C98-68AC-4C11-A75C-375BB68E9ABF}.Debug|x64.ActiveCfg = Debug|Any CPU
		{66FE3C98-68AC-4C11-A75C-375BB68E9ABF}.Debug|x64.Build.0 = Debug|Any CPU
		{66FE3C98-68AC-4C11-A75C-375BB68E9ABF}.Debug|x86.ActiveCfg = Debug|Any CPU
		{66FE3C98-68AC-4C11-A75C-375BB68E9ABF}.Debug|x86.Build.0 = Debug|Any CPU
		{66FE3C98-68AC-4C11-A75C-375BB68E9ABF}.Release|Any CPU.ActiveCfg = Release|Any CPU
		{66FE3C98-68AC-4C11-A75C-375BB68E9ABF}.Release|Any CPU.Build.0 = Release|Any CPU
		{66FE3C98-68AC-4C11-A75C-375BB68E9ABF}.Release|x64.ActiveCfg = Release|Any CPU
		{66FE3C98-68AC-4C11-A75C-375BB68E9ABF}.Release|x64.Build.0 = Release|Any CPU
		{66FE3C98-68AC-4C11-A75C-375BB68E9ABF}.Release|x86.ActiveCfg = Release|Any CPU
		{66FE3C98-68AC-4C11-A75C-375BB68E9ABF}.Release|x86.Build.0 = Release|Any CPU
	EndGlobalSection
	GlobalSection(SolutionProperties) = preSolution
		HideSolutionNode = FALSE
	EndGlobalSection
	GlobalSection(NestedProjects) = preSolution
		{7F540FA4-4FBE-439F-9894-D6C70AF8DC7C} = {5D20AA90-6969-D8BD-9DCD-8634F4692FDA}
		{22279D76-2D9E-4F91-953B-A26BDC72B792} = {5D20AA90-6969-D8BD-9DCD-8634F4692FDA}
		{24F9FEFE-27C7-4B7A-9A58-47CA9F71544E} = {5D20AA90-6969-D8BD-9DCD-8634F4692FDA}
		{AAEEB018-7726-49E3-BCCA-1FAB7E3E75DF} = {5D20AA90-6969-D8BD-9DCD-8634F4692FDA}
		{66FE3C98-68AC-4C11-A75C-375BB68E9ABF} = {5D20AA90-6969-D8BD-9DCD-8634F4692FDA}
	EndGlobalSection
EndGlobal
